<Solution>
  <Project Path="Assembly-CSharp.csproj" />
  <Project Path="SidekickCharacters.Editor.csproj" />
  <Project Path="SidekickCharacters.csproj" />
  <Project Path="Assembly-CSharp-Editor.csproj" />
  <Project Path="CFXREditor.csproj" />
  <Project Path="CFXRRuntime.csproj" />
  <Project Path="Gilzoide.SqliteNet.csproj" />
  <Project Path="Gilzoide.SqliteNet.Tests.Editor.csproj" />
  <Project Path="ToonyColorsPro.Demo.Editor.csproj" />
  <Project Path="KinoBloom.Runtime.csproj" />
  <Project Path="CFXR.WelcomeScreen.csproj" />
  <Project Path="CFXRDemo.csproj" />
</Solution>
